
Microsoft Visual Studio Solution File, Format Version 12.00
# Visual Studio Version 16
VisualStudioVersion = 16.0.31702.278
MinimumVisualStudioVersion = 10.0.40219.1
Project("{8BC9CEB8-8B4A-11D0-8D11-00A0C91BC942}") = "6.1", "6.1.vcxproj", "{8A38938C-AC0E-43D2-B97B-DDB8120DE9BA}"
EndProject
Global
	GlobalSection(SolutionConfigurationPlatforms) = preSolution
		Debug|x64 = Debug|x64
		Debug|x86 = Debug|x86
		Release|x64 = Release|x64
		Release|x86 = Release|x86
	EndGlobalSection
	GlobalSection(ProjectConfigurationPlatforms) = postSolution
		{8A38938C-AC0E-43D2-B97B-DDB8120DE9BA}.Debug|x64.ActiveCfg = Debug|x64
		{8A38938C-AC0E-43D2-B97B-DDB8120DE9BA}.Debug|x64.Build.0 = Debug|x64
		{8A38938C-AC0E-43D2-B97B-DDB8120DE9BA}.Debug|x86.ActiveCfg = Debug|Win32
		{8A38938C-AC0E-43D2-B97B-DDB8120DE9BA}.Debug|x86.Build.0 = Debug|Win32
		{8A38938C-AC0E-43D2-B97B-DDB8120DE9BA}.Release|x64.ActiveCfg = Release|x64
		{8A38938C-AC0E-43D2-B97B-DDB8120DE9BA}.Release|x64.Build.0 = Release|x64
		{8A38938C-AC0E-43D2-B97B-DDB8120DE9BA}.Release|x86.ActiveCfg = Release|Win32
		{8A38938C-AC0E-43D2-B97B-DDB8120DE9BA}.Release|x86.Build.0 = Release|Win32
	EndGlobalSection
	GlobalSection(SolutionProperties) = preSolution
		HideSolutionNode = FALSE
	EndGlobalSection
	GlobalSection(ExtensibilityGlobals) = postSolution
		SolutionGuid = {B596D49D-09C3-446A-AF58-EFA7FC179962}
	EndGlobalSection
EndGlobal
