
Microsoft Visual Studio Solution File, Format Version 12.00
# Visual Studio Version 16
VisualStudioVersion = 16.0.31702.278
MinimumVisualStudioVersion = 10.0.40219.1
Project("{8BC9CEB8-8B4A-11D0-8D11-00A0C91BC942}") = "4.1", "4.1.vcxproj", "{D67967AD-00A0-4C95-BE2E-0D8034950DC2}"
EndProject
Global
	GlobalSection(SolutionConfigurationPlatforms) = preSolution
		Debug|x64 = Debug|x64
		Debug|x86 = Debug|x86
		Release|x64 = Release|x64
		Release|x86 = Release|x86
	EndGlobalSection
	GlobalSection(ProjectConfigurationPlatforms) = postSolution
		{D67967AD-00A0-4C95-BE2E-0D8034950DC2}.Debug|x64.ActiveCfg = Debug|x64
		{D67967AD-00A0-4C95-BE2E-0D8034950DC2}.Debug|x64.Build.0 = Debug|x64
		{D67967AD-00A0-4C95-BE2E-0D8034950DC2}.Debug|x86.ActiveCfg = Debug|Win32
		{D67967AD-00A0-4C95-BE2E-0D8034950DC2}.Debug|x86.Build.0 = Debug|Win32
		{D67967AD-00A0-4C95-BE2E-0D8034950DC2}.Release|x64.ActiveCfg = Release|x64
		{D67967AD-00A0-4C95-BE2E-0D8034950DC2}.Release|x64.Build.0 = Release|x64
		{D67967AD-00A0-4C95-BE2E-0D8034950DC2}.Release|x86.ActiveCfg = Release|Win32
		{D67967AD-00A0-4C95-BE2E-0D8034950DC2}.Release|x86.Build.0 = Release|Win32
	EndGlobalSection
	GlobalSection(SolutionProperties) = preSolution
		HideSolutionNode = FALSE
	EndGlobalSection
	GlobalSection(ExtensibilityGlobals) = postSolution
		SolutionGuid = {A7B19BCC-F2FE-4F0A-AAE0-170BF5C3819C}
	EndGlobalSection
EndGlobal
