
Microsoft Visual Studio Solution File, Format Version 12.00
# Visual Studio Version 16
VisualStudioVersion = 16.0.31702.278
MinimumVisualStudioVersion = 10.0.40219.1
Project("{8BC9CEB8-8B4A-11D0-8D11-00A0C91BC942}") = "3.1", "3.1.vcxproj", "{6FA647FA-4C76-4102-A3C1-78E9526921BA}"
EndProject
Global
	GlobalSection(SolutionConfigurationPlatforms) = preSolution
		Debug|x64 = Debug|x64
		Debug|x86 = Debug|x86
		Release|x64 = Release|x64
		Release|x86 = Release|x86
	EndGlobalSection
	GlobalSection(ProjectConfigurationPlatforms) = postSolution
		{6FA647FA-4C76-4102-A3C1-78E9526921BA}.Debug|x64.ActiveCfg = Debug|x64
		{6FA647FA-4C76-4102-A3C1-78E9526921BA}.Debug|x64.Build.0 = Debug|x64
		{6FA647FA-4C76-4102-A3C1-78E9526921BA}.Debug|x86.ActiveCfg = Debug|Win32
		{6FA647FA-4C76-4102-A3C1-78E9526921BA}.Debug|x86.Build.0 = Debug|Win32
		{6FA647FA-4C76-4102-A3C1-78E9526921BA}.Release|x64.ActiveCfg = Release|x64
		{6FA647FA-4C76-4102-A3C1-78E9526921BA}.Release|x64.Build.0 = Release|x64
		{6FA647FA-4C76-4102-A3C1-78E9526921BA}.Release|x86.ActiveCfg = Release|Win32
		{6FA647FA-4C76-4102-A3C1-78E9526921BA}.Release|x86.Build.0 = Release|Win32
	EndGlobalSection
	GlobalSection(SolutionProperties) = preSolution
		HideSolutionNode = FALSE
	EndGlobalSection
	GlobalSection(ExtensibilityGlobals) = postSolution
		SolutionGuid = {AFE43D08-D5FC-436D-A885-63A18BA0B6E4}
	EndGlobalSection
EndGlobal
